
Microsoft Visual Studio Solution File, Format Version 12.00
# Visual Studio Version 17
VisualStudioVersion = 17.1.32210.238
MinimumVisualStudioVersion = 10.0.40219.1
Project("{FAE04EC0-301F-11D3-BF4B-00C04F79EFBC}") = "MinhaDemoMvc", "MinhaDemoMvc.csproj", "{4A4AA95C-E8A2-4801-A5C4-735A9F14097E}"
EndProject
Global
	GlobalSection(SolutionConfigurationPlatforms) = preSolution
		Debug|Any CPU = Debug|Any CPU
		Release|Any CPU = Release|Any CPU
	EndGlobalSection
	GlobalSection(ProjectConfigurationPlatforms) = postSolution
		{4A4AA95C-E8A2-4801-A5C4-735A9F14097E}.Debug|Any CPU.ActiveCfg = Debug|Any CPU
		{4A4AA95C-E8A2-4801-A5C4-735A9F14097E}.Debug|Any CPU.Build.0 = Debug|Any CPU
		{4A4AA95C-E8A2-4801-A5C4-735A9F14097E}.Release|Any CPU.ActiveCfg = Release|Any CPU
		{4A4AA95C-E8A2-4801-A5C4-735A9F14097E}.Release|Any CPU.Build.0 = Release|Any CPU
	EndGlobalSection
	GlobalSection(SolutionProperties) = preSolution
		HideSolutionNode = FALSE
	EndGlobalSection
	GlobalSection(ExtensibilityGlobals) = postSolution
		SolutionGuid = {DCDC7E25-23D9-4D78-A0A5-2474017EECE7}
	EndGlobalSection
EndGlobal
